
Microsoft Visual Studio Solution File, Format Version 12.00
# Visual Studio Version 16
VisualStudioVersion = 16.0.31205.134
MinimumVisualStudioVersion = 10.0.40219.1
Project("{FAE04EC0-301F-11D3-BF4B-00C04F79EFBC}") = "TestReadPDF", "TestReadPDF\TestReadPDF.csproj", "{A8F10655-2BBF-476A-9599-34BFF309CC7A}"
EndProject
Global
	GlobalSection(SolutionConfigurationPlatforms) = preSolution
		Debug|Any CPU = Debug|Any CPU
		Release|Any CPU = Release|Any CPU
	EndGlobalSection
	GlobalSection(ProjectConfigurationPlatforms) = postSolution
		{A8F10655-2BBF-476A-9599-34BFF309CC7A}.Debug|Any CPU.ActiveCfg = Debug|Any CPU
		{A8F10655-2BBF-476A-9599-34BFF309CC7A}.Debug|Any CPU.Build.0 = Debug|Any CPU
		{A8F10655-2BBF-476A-9599-34BFF309CC7A}.Release|Any CPU.ActiveCfg = Release|Any CPU
		{A8F10655-2BBF-476A-9599-34BFF309CC7A}.Release|Any CPU.Build.0 = Release|Any CPU
	EndGlobalSection
	GlobalSection(SolutionProperties) = preSolution
		HideSolutionNode = FALSE
	EndGlobalSection
	GlobalSection(ExtensibilityGlobals) = postSolution
		SolutionGuid = {C2905E9C-EEC4-4F76-8CF6-56DB3823B310}
	EndGlobalSection
EndGlobal
